
Microsoft Visual Studio Solution File, Format Version 12.00
# Visual Studio 14
VisualStudioVersion = 14.0.24720.0
MinimumVisualStudioVersion = 10.0.40219.1
Project("{FAE04EC0-301F-11D3-BF4B-00C04F79EFBC}") = "Task1", "Task1\Task1.csproj", "{3A30794A-C77E-4DE0-90F7-19EF18DDDBBB}"
EndProject
Project("{FAE04EC0-301F-11D3-BF4B-00C04F79EFBC}") = "Task2", "Task2\Task2.csproj", "{0095242B-FF96-4296-AFBC-15E754E4B69B}"
EndProject
Project("{FAE04EC0-301F-11D3-BF4B-00C04F79EFBC}") = "Task3", "Task3\Task3.csproj", "{237E4BE1-DFB2-44B0-8B88-2EDD36B7C23B}"
EndProject
Global
	GlobalSection(SolutionConfigurationPlatforms) = preSolution
		Debug|Any CPU = Debug|Any CPU
		Release|Any CPU = Release|Any CPU
	EndGlobalSection
	GlobalSection(ProjectConfigurationPlatforms) = postSolution
		{3A30794A-C77E-4DE0-90F7-19EF18DDDBBB}.Debug|Any CPU.ActiveCfg = Debug|Any CPU
		{3A30794A-C77E-4DE0-90F7-19EF18DDDBBB}.Debug|Any CPU.Build.0 = Debug|Any CPU
		{3A30794A-C77E-4DE0-90F7-19EF18DDDBBB}.Release|Any CPU.ActiveCfg = Release|Any CPU
		{3A30794A-C77E-4DE0-90F7-19EF18DDDBBB}.Release|Any CPU.Build.0 = Release|Any CPU
		{0095242B-FF96-4296-AFBC-15E754E4B69B}.Debug|Any CPU.ActiveCfg = Debug|Any CPU
		{0095242B-FF96-4296-AFBC-15E754E4B69B}.Debug|Any CPU.Build.0 = Debug|Any CPU
		{0095242B-FF96-4296-AFBC-15E754E4B69B}.Release|Any CPU.ActiveCfg = Release|Any CPU
		{0095242B-FF96-4296-AFBC-15E754E4B69B}.Release|Any CPU.Build.0 = Release|Any CPU
		{237E4BE1-DFB2-44B0-8B88-2EDD36B7C23B}.Debug|Any CPU.ActiveCfg = Debug|Any CPU
		{237E4BE1-DFB2-44B0-8B88-2EDD36B7C23B}.Debug|Any CPU.Build.0 = Debug|Any CPU
		{237E4BE1-DFB2-44B0-8B88-2EDD36B7C23B}.Release|Any CPU.ActiveCfg = Release|Any CPU
		{237E4BE1-DFB2-44B0-8B88-2EDD36B7C23B}.Release|Any CPU.Build.0 = Release|Any CPU
	EndGlobalSection
	GlobalSection(SolutionProperties) = preSolution
		HideSolutionNode = FALSE
	EndGlobalSection
EndGlobal
